
Microsoft Visual Studio Solution File, Format Version 12.00
# Visual Studio Version 16
VisualStudioVersion = 16.0.29424.173
MinimumVisualStudioVersion = 10.0.40219.1
Project("{8BC9CEB8-8B4A-11D0-8D11-00A0C91BC942}") = "MyAppA1", "MyAppA1\MyAppA1.vcxproj", "{73CC20DD-4333-4253-8997-2132F6DC4208}"
EndProject
Global
	GlobalSection(SolutionConfigurationPlatforms) = preSolution
		Debug|x64 = Debug|x64
		Debug|x86 = Debug|x86
		Release|x64 = Release|x64
		Release|x86 = Release|x86
	EndGlobalSection
	GlobalSection(ProjectConfigurationPlatforms) = postSolution
		{73CC20DD-4333-4253-8997-2132F6DC4208}.Debug|x64.ActiveCfg = Debug|x64
		{73CC20DD-4333-4253-8997-2132F6DC4208}.Debug|x64.Build.0 = Debug|x64
		{73CC20DD-4333-4253-8997-2132F6DC4208}.Debug|x86.ActiveCfg = Debug|Win32
		{73CC20DD-4333-4253-8997-2132F6DC4208}.Debug|x86.Build.0 = Debug|Win32
		{73CC20DD-4333-4253-8997-2132F6DC4208}.Release|x64.ActiveCfg = Release|x64
		{73CC20DD-4333-4253-8997-2132F6DC4208}.Release|x64.Build.0 = Release|x64
		{73CC20DD-4333-4253-8997-2132F6DC4208}.Release|x86.ActiveCfg = Release|Win32
		{73CC20DD-4333-4253-8997-2132F6DC4208}.Release|x86.Build.0 = Release|Win32
	EndGlobalSection
	GlobalSection(SolutionProperties) = preSolution
		HideSolutionNode = FALSE
	EndGlobalSection
	GlobalSection(ExtensibilityGlobals) = postSolution
		SolutionGuid = {BB13CA4F-8048-4EEB-99B5-95EB137355AF}
	EndGlobalSection
EndGlobal
